<?xml version="1.0" encoding="utf-8"?>
<Project ToolsVersion="4.0" xmlns="http://schemas.microsoft.com/developer/msbuild/2003">
  <ItemGroup>
    <Filter Include="Source Files">
      <UniqueIdentifier>{4FC737F1-C7A5-4376-A066-2A32D752A2FF}</UniqueIdentifier>
      <Extensions>cpp;c;cc;cxx;def;odl;idl;hpj;bat;asm;asmx</Extensions>
    </Filter>
    <Filter Include="Header Files">
      <UniqueIdentifier>{93995380-89BD-4b04-88EB-625FBE52EBFB}</UniqueIdentifier>
      <Extensions>h;hh;hpp;hxx;hm;inl;inc;xsd</Extensions>
    </Filter>
    <Filter Include="Resource Files">
      <UniqueIdentifier>{67DA6AB6-F800-4c08-8B7A-83BB121AAD01}</UniqueIdentifier>
      <Extensions>rc;ico;cur;bmp;dlg;rc2;rct;bin;rgs;gif;jpg;jpeg;jpe;resx;tiff;tif;png;wav;mfcribbon-ms</Extensions>
    </Filter>
    <Filter Include="Header Files\System">
      <UniqueIdentifier>{b5df2184-d970-48c6-9c65-ad3ed8b7a3f5}</UniqueIdentifier>
    </Filter>
    <Filter Include="Source Files\System">
      <UniqueIdentifier>{46f3abf0-dc50-4018-9422-eaab1c000435}</UniqueIdentifier>
    </Filter>
    <Filter Include="Header Files\Render">
      <UniqueIdentifier>{82c7d69b-c5cf-44e2-9068-d7856fda146a}</UniqueIdentifier>
    </Filter>
    <Filter Include="Source Files\Render">
      <UniqueIdentifier>{1163684b-0ec8-4071-8054-a7dbd63b474e}</UniqueIdentifier>
    </Filter>
    <Filter Include="Source Files\Game">
      <UniqueIdentifier>{7a0e540d-d3f2-4d30-978e-798eaac0125e}</UniqueIdentifier>
    </Filter>
    <Filter Include="Source Files\Game\Entity">
      <UniqueIdentifier>{120bf629-faa5-41e4-ae32-0fc40dd6f254}</UniqueIdentifier>
    </Filter>
    <Filter Include="Header Files\Game">
      <UniqueIdentifier>{cd2fb43b-7734-488a-8303-04430a9eda59}</UniqueIdentifier>
    </Filter>
    <Filter Include="Header Files\Game\Entity">
      <UniqueIdentifier>{31c0a8fc-3c39-4c45-b21a-52f16bfdb560}</UniqueIdentifier>
    </Filter>
    <Filter Include="Header Files\Game\Weapon">
      <UniqueIdentifier>{3bb0ca03-7443-4560-bec4-98b675cf5e0c}</UniqueIdentifier>
    </Filter>
    <Filter Include="Source Files\Game\Weapon">
      <UniqueIdentifier>{94ee5d4a-d44a-43d9-839d-98fe62dbed44}</UniqueIdentifier>
    </Filter>
    <Filter Include="Header Files\Game\Entity\Def">
      <UniqueIdentifier>{ab621d9e-a475-4cb8-b16e-f3ebc3796631}</UniqueIdentifier>
    </Filter>
    <Filter Include="Header Files\Audio">
      <UniqueIdentifier>{1e4d9115-6a6e-4502-8561-b01781d6b8e7}</UniqueIdentifier>
    </Filter>
    <Filter Include="Source Files\Audio">
      <UniqueIdentifier>{9875d0da-05c7-477b-9b54-8cb4dba03352}</UniqueIdentifier>
    </Filter>
    <Filter Include="Header Files\Game\Entity\Pickup">
      <UniqueIdentifier>{ad250c8d-0cca-44aa-9c0f-9a9a9daab75d}</UniqueIdentifier>
    </Filter>
    <Filter Include="Source Files\Game\Pickup">
      <UniqueIdentifier>{0692f418-456b-4bc1-877b-e6266736ab42}</UniqueIdentifier>
    </Filter>
  </ItemGroup>
  <ItemGroup>
    <ClCompile Include="src\Entity.cpp">
      <Filter>Source Files\Game\Entity</Filter>
    </ClCompile>
    <ClCompile Include="src\MySides.cpp">
      <Filter>Source Files\System</Filter>
    </ClCompile>
    <ClCompile Include="src\SFMLDebugDraw.cpp">
      <Filter>Source Files\System</Filter>
    </ClCompile>
    <ClCompile Include="src\Shape.cpp">
      <Filter>Source Files\Game\Entity</Filter>
    </ClCompile>
    <ClCompile Include="src\Bounds.cpp">
      <Filter>Source Files\Game\Entity</Filter>
    </ClCompile>
    <ClCompile Include="src\Projectile.cpp">
      <Filter>Source Files\Game\Entity</Filter>
    </ClCompile>
    <ClCompile Include="src\GameWorld.cpp">
      <Filter>Source Files\Game</Filter>
    </ClCompile>
    <ClCompile Include="src\ContactListener.cpp">
      <Filter>Source Files\Game</Filter>
    </ClCompile>
    <ClCompile Include="src\XController.cpp">
      <Filter>Source Files\System</Filter>
    </ClCompile>
    <ClCompile Include="src\stdafx.cpp">
      <Filter>Source Files\System</Filter>
    </ClCompile>
    <ClCompile Include="src\Game.cpp">
      <Filter>Source Files\Game</Filter>
    </ClCompile>
    <ClCompile Include="src\Camera.cpp">
      <Filter>Source Files\Game</Filter>
    </ClCompile>
    <ClCompile Include="src\Side.cpp">
      <Filter>Source Files\Game\Entity</Filter>
    </ClCompile>
    <ClCompile Include="src\KeyInput.cpp">
      <Filter>Source Files\System</Filter>
    </ClCompile>
    <ClCompile Include="src\Weapon.cpp">
      <Filter>Source Files\Game\Weapon</Filter>
    </ClCompile>
    <ClCompile Include="src\WeapRifle.cpp">
      <Filter>Source Files\Game\Weapon</Filter>
    </ClCompile>
    <ClCompile Include="src\WeapShotgun.cpp">
      <Filter>Source Files\Game\Weapon</Filter>
    </ClCompile>
    <ClCompile Include="src\Enemy.cpp">
      <Filter>Source Files\Game\Entity</Filter>
    </ClCompile>
    <ClCompile Include="src\Player.cpp">
      <Filter>Source Files\Game\Entity</Filter>
    </ClCompile>
    <ClCompile Include="src\SoundEffect.cpp">
      <Filter>Source Files\Audio</Filter>
    </ClCompile>
    <ClCompile Include="src\SoundSystem.cpp">
      <Filter>Source Files\Audio</Filter>
    </ClCompile>
    <ClCompile Include="src\AmbientEffect.cpp">
      <Filter>Source Files\Audio</Filter>
    </ClCompile>
    <ClCompile Include="src\Renderer.cpp">
      <Filter>Source Files\Render</Filter>
    </ClCompile>
    <ClCompile Include="src\GameRenderer.cpp">
      <Filter>Source Files\Render</Filter>
    </ClCompile>
    <ClCompile Include="src\Pickup.cpp">
      <Filter>Source Files\Game\Pickup</Filter>
    </ClCompile>
    <ClCompile Include="src\Sight.cpp">
      <Filter>Source Files\Game\Pickup</Filter>
    </ClCompile>
    <ClCompile Include="src\Shield.cpp">
      <Filter>Source Files\Game\Pickup</Filter>
    </ClCompile>
  </ItemGroup>
  <ItemGroup>
    <ClInclude Include="include\Entity.hpp">
      <Filter>Header Files\Game\Entity</Filter>
    </ClInclude>
    <ClInclude Include="include\XController.hpp">
      <Filter>Header Files\System</Filter>
    </ClInclude>
    <ClInclude Include="CodePallet.h">
      <Filter>Header Files\System</Filter>
    </ClInclude>
    <ClInclude Include="include\Log.hpp">
      <Filter>Header Files\System</Filter>
    </ClInclude>
    <ClInclude Include="include\SFMLDebugDraw.h">
      <Filter>Header Files\System</Filter>
    </ClInclude>
    <ClInclude Include="include\Shape.hpp">
      <Filter>Header Files\Game\Entity</Filter>
    </ClInclude>
    <ClInclude Include="include\Bounds.hpp">
      <Filter>Header Files\Game\Entity</Filter>
    </ClInclude>
    <ClInclude Include="include\Projectile.hpp">
      <Filter>Header Files\Game\Entity</Filter>
    </ClInclude>
    <ClInclude Include="include\stdafx.h">
      <Filter>Header Files\System</Filter>
    </ClInclude>
    <ClInclude Include="include\targetver.h">
      <Filter>Header Files\System</Filter>
    </ClInclude>
    <ClInclude Include="include\GameWorld.hpp">
      <Filter>Header Files\Game</Filter>
    </ClInclude>
    <ClInclude Include="include\ContactListener.hpp">
      <Filter>Header Files\Game</Filter>
    </ClInclude>
    <ClInclude Include="include\Game.hpp">
      <Filter>Header Files\Game</Filter>
    </ClInclude>
    <ClInclude Include="include\Camera.hpp">
      <Filter>Header Files\Game</Filter>
    </ClInclude>
    <ClInclude Include="include\Side.hpp">
      <Filter>Header Files\Game\Entity</Filter>
    </ClInclude>
    <ClInclude Include="include\KeyInput.hpp">
      <Filter>Header Files\System</Filter>
    </ClInclude>
    <ClInclude Include="include\Weapon.hpp">
      <Filter>Header Files\Game\Weapon</Filter>
    </ClInclude>
    <ClInclude Include="include\WeapRifle.hpp">
      <Filter>Header Files\Game\Weapon</Filter>
    </ClInclude>
    <ClInclude Include="include\WeapShotgun.hpp">
      <Filter>Header Files\Game\Weapon</Filter>
    </ClInclude>
    <ClInclude Include="include\Magazine.hpp">
      <Filter>Header Files\Game\Weapon</Filter>
    </ClInclude>
    <ClInclude Include="include\ProjectileDef.hpp">
      <Filter>Header Files\Game\Entity\Def</Filter>
    </ClInclude>
    <ClInclude Include="include\ShapeDef.hpp">
      <Filter>Header Files\Game\Entity\Def</Filter>
    </ClInclude>
    <ClInclude Include="include\SideDef.hpp">
      <Filter>Header Files\Game\Entity\Def</Filter>
    </ClInclude>
    <ClInclude Include="include\Player.hpp">
      <Filter>Header Files\Game\Entity</Filter>
    </ClInclude>
    <ClInclude Include="include\Enemy.hpp">
      <Filter>Header Files\Game\Entity</Filter>
    </ClInclude>
    <ClInclude Include="include\SoundSystem.hpp">
      <Filter>Header Files\Audio</Filter>
    </ClInclude>
    <ClInclude Include="include\SoundEffect.hpp">
      <Filter>Header Files\Audio</Filter>
    </ClInclude>
    <ClInclude Include="include\AmbientEffect.hpp">
      <Filter>Header Files\Audio</Filter>
    </ClInclude>
    <ClInclude Include="include\Renderer.hpp">
      <Filter>Header Files\Render</Filter>
    </ClInclude>
    <ClInclude Include="include\GameRenderer.hpp">
      <Filter>Header Files\Render</Filter>
    </ClInclude>
    <ClInclude Include="include\Pickup.hpp">
      <Filter>Header Files\Game\Entity\Pickup</Filter>
    </ClInclude>
    <ClInclude Include="include\PickupDef.hpp">
      <Filter>Header Files\Game\Entity\Def</Filter>
    </ClInclude>
    <ClInclude Include="include\Sight.hpp">
      <Filter>Header Files\Game\Entity\Pickup</Filter>
    </ClInclude>
    <ClInclude Include="include\Shield.hpp">
      <Filter>Header Files\Game\Entity\Pickup</Filter>
    </ClInclude>
  </ItemGroup>
</Project>